
Microsoft Visual Studio Solution File, Format Version 12.00
# Visual Studio 14
VisualStudioVersion = 14.0.25420.1
MinimumVisualStudioVersion = 10.0.40219.1
Project("{FAE04EC0-301F-11D3-BF4B-00C04F79EFBC}") = "TrainingSchedule.Android", "TrainingSchedule\TrainingSchedule.Android\TrainingSchedule.Android.csproj", "{49B353E4-60EE-4745-8BB1-5BA02734098C}"
EndProject
Project("{FAE04EC0-301F-11D3-BF4B-00C04F79EFBC}") = "TrainingSchedule", "TrainingSchedule\TrainingSchedule\TrainingSchedule.csproj", "{8E85B8A2-1E29-4771-9254-C6F982C62A65}"
EndProject
Project("{FAE04EC0-301F-11D3-BF4B-00C04F79EFBC}") = "TrainingSchedule.iOS", "TrainingSchedule\TrainingSchedule.iOS\TrainingSchedule.iOS.csproj", "{3A28F2FE-7B5E-4197-BBDC-98CF5477F3C4}"
EndProject
Global
	GlobalSection(SolutionConfigurationPlatforms) = preSolution
		Ad-Hoc|Any CPU = Ad-Hoc|Any CPU
		Ad-Hoc|iPhone = Ad-Hoc|iPhone
		Ad-Hoc|iPhoneSimulator = Ad-Hoc|iPhoneSimulator
		AppStore|Any CPU = AppStore|Any CPU
		AppStore|iPhone = AppStore|iPhone
		AppStore|iPhoneSimulator = AppStore|iPhoneSimulator
		Debug|Any CPU = Debug|Any CPU
		Debug|iPhone = Debug|iPhone
		Debug|iPhoneSimulator = Debug|iPhoneSimulator
		Release|Any CPU = Release|Any CPU
		Release|iPhone = Release|iPhone
		Release|iPhoneSimulator = Release|iPhoneSimulator
	EndGlobalSection
	GlobalSection(ProjectConfigurationPlatforms) = postSolution
		{49B353E4-60EE-4745-8BB1-5BA02734098C}.Ad-Hoc|Any CPU.ActiveCfg = Release|Any CPU
		{49B353E4-60EE-4745-8BB1-5BA02734098C}.Ad-Hoc|Any CPU.Build.0 = Release|Any CPU
		{49B353E4-60EE-4745-8BB1-5BA02734098C}.Ad-Hoc|Any CPU.Deploy.0 = Release|Any CPU
		{49B353E4-60EE-4745-8BB1-5BA02734098C}.Ad-Hoc|iPhone.ActiveCfg = Release|Any CPU
		{49B353E4-60EE-4745-8BB1-5BA02734098C}.Ad-Hoc|iPhone.Build.0 = Release|Any CPU
		{49B353E4-60EE-4745-8BB1-5BA02734098C}.Ad-Hoc|iPhone.Deploy.0 = Release|Any CPU
		{49B353E4-60EE-4745-8BB1-5BA02734098C}.Ad-Hoc|iPhoneSimulator.ActiveCfg = Release|Any CPU
		{49B353E4-60EE-4745-8BB1-5BA02734098C}.Ad-Hoc|iPhoneSimulator.Build.0 = Release|Any CPU
		{49B353E4-60EE-4745-8BB1-5BA02734098C}.Ad-Hoc|iPhoneSimulator.Deploy.0 = Release|Any CPU
		{49B353E4-60EE-4745-8BB1-5BA02734098C}.AppStore|Any CPU.ActiveCfg = Release|Any CPU
		{49B353E4-60EE-4745-8BB1-5BA02734098C}.AppStore|Any CPU.Build.0 = Release|Any CPU
		{49B353E4-60EE-4745-8BB1-5BA02734098C}.AppStore|Any CPU.Deploy.0 = Release|Any CPU
		{49B353E4-60EE-4745-8BB1-5BA02734098C}.AppStore|iPhone.ActiveCfg = Release|Any CPU
		{49B353E4-60EE-4745-8BB1-5BA02734098C}.AppStore|iPhone.Build.0 = Release|Any CPU
		{49B353E4-60EE-4745-8BB1-5BA02734098C}.AppStore|iPhone.Deploy.0 = Release|Any CPU
		{49B353E4-60EE-4745-8BB1-5BA02734098C}.AppStore|iPhoneSimulator.ActiveCfg = Release|Any CPU
		{49B353E4-60EE-4745-8BB1-5BA02734098C}.AppStore|iPhoneSimulator.Build.0 = Release|Any CPU
		{49B353E4-60EE-4745-8BB1-5BA02734098C}.AppStore|iPhoneSimulator.Deploy.0 = Release|Any CPU
		{49B353E4-60EE-4745-8BB1-5BA02734098C}.Debug|Any CPU.ActiveCfg = Debug|Any CPU
		{49B353E4-60EE-4745-8BB1-5BA02734098C}.Debug|Any CPU.Build.0 = Debug|Any CPU
		{49B353E4-60EE-4745-8BB1-5BA02734098C}.Debug|Any CPU.Deploy.0 = Debug|Any CPU
		{49B353E4-60EE-4745-8BB1-5BA02734098C}.Debug|iPhone.ActiveCfg = Debug|Any CPU
		{49B353E4-60EE-4745-8BB1-5BA02734098C}.Debug|iPhone.Build.0 = Debug|Any CPU
		{49B353E4-60EE-4745-8BB1-5BA02734098C}.Debug|iPhone.Deploy.0 = Debug|Any CPU
		{49B353E4-60EE-4745-8BB1-5BA02734098C}.Debug|iPhoneSimulator.ActiveCfg = Debug|Any CPU
		{49B353E4-60EE-4745-8BB1-5BA02734098C}.Debug|iPhoneSimulator.Build.0 = Debug|Any CPU
		{49B353E4-60EE-4745-8BB1-5BA02734098C}.Debug|iPhoneSimulator.Deploy.0 = Debug|Any CPU
		{49B353E4-60EE-4745-8BB1-5BA02734098C}.Release|Any CPU.ActiveCfg = Release|Any CPU
		{49B353E4-60EE-4745-8BB1-5BA02734098C}.Release|Any CPU.Build.0 = Release|Any CPU
		{49B353E4-60EE-4745-8BB1-5BA02734098C}.Release|Any CPU.Deploy.0 = Release|Any CPU
		{49B353E4-60EE-4745-8BB1-5BA02734098C}.Release|iPhone.ActiveCfg = Release|Any CPU
		{49B353E4-60EE-4745-8BB1-5BA02734098C}.Release|iPhone.Build.0 = Release|Any CPU
		{49B353E4-60EE-4745-8BB1-5BA02734098C}.Release|iPhone.Deploy.0 = Release|Any CPU
		{49B353E4-60EE-4745-8BB1-5BA02734098C}.Release|iPhoneSimulator.ActiveCfg = Release|Any CPU
		{49B353E4-60EE-4745-8BB1-5BA02734098C}.Release|iPhoneSimulator.Build.0 = Release|Any CPU
		{49B353E4-60EE-4745-8BB1-5BA02734098C}.Release|iPhoneSimulator.Deploy.0 = Release|Any CPU
		{8E85B8A2-1E29-4771-9254-C6F982C62A65}.Ad-Hoc|Any CPU.ActiveCfg = Release|Any CPU
		{8E85B8A2-1E29-4771-9254-C6F982C62A65}.Ad-Hoc|Any CPU.Build.0 = Release|Any CPU
		{8E85B8A2-1E29-4771-9254-C6F982C62A65}.Ad-Hoc|iPhone.ActiveCfg = Release|Any CPU
		{8E85B8A2-1E29-4771-9254-C6F982C62A65}.Ad-Hoc|iPhone.Build.0 = Release|Any CPU
		{8E85B8A2-1E29-4771-9254-C6F982C62A65}.Ad-Hoc|iPhoneSimulator.ActiveCfg = Release|Any CPU
		{8E85B8A2-1E29-4771-9254-C6F982C62A65}.Ad-Hoc|iPhoneSimulator.Build.0 = Release|Any CPU
		{8E85B8A2-1E29-4771-9254-C6F982C62A65}.AppStore|Any CPU.ActiveCfg = Release|Any CPU
		{8E85B8A2-1E29-4771-9254-C6F982C62A65}.AppStore|Any CPU.Build.0 = Release|Any CPU
		{8E85B8A2-1E29-4771-9254-C6F982C62A65}.AppStore|iPhone.ActiveCfg = Release|Any CPU
		{8E85B8A2-1E29-4771-9254-C6F982C62A65}.AppStore|iPhone.Build.0 = Release|Any CPU
		{8E85B8A2-1E29-4771-9254-C6F982C62A65}.AppStore|iPhoneSimulator.ActiveCfg = Release|Any CPU
		{8E85B8A2-1E29-4771-9254-C6F982C62A65}.AppStore|iPhoneSimulator.Build.0 = Release|Any CPU
		{8E85B8A2-1E29-4771-9254-C6F982C62A65}.Debug|Any CPU.ActiveCfg = Debug|Any CPU
		{8E85B8A2-1E29-4771-9254-C6F982C62A65}.Debug|Any CPU.Build.0 = Debug|Any CPU
		{8E85B8A2-1E29-4771-9254-C6F982C62A65}.Debug|iPhone.ActiveCfg = Debug|Any CPU
		{8E85B8A2-1E29-4771-9254-C6F982C62A65}.Debug|iPhone.Build.0 = Debug|Any CPU
		{8E85B8A2-1E29-4771-9254-C6F982C62A65}.Debug|iPhoneSimulator.ActiveCfg = Debug|Any CPU
		{8E85B8A2-1E29-4771-9254-C6F982C62A65}.Debug|iPhoneSimulator.Build.0 = Debug|Any CPU
		{8E85B8A2-1E29-4771-9254-C6F982C62A65}.Release|Any CPU.ActiveCfg = Release|Any CPU
		{8E85B8A2-1E29-4771-9254-C6F982C62A65}.Release|Any CPU.Build.0 = Release|Any CPU
		{8E85B8A2-1E29-4771-9254-C6F982C62A65}.Release|iPhone.ActiveCfg = Release|Any CPU
		{8E85B8A2-1E29-4771-9254-C6F982C62A65}.Release|iPhone.Build.0 = Release|Any CPU
		{8E85B8A2-1E29-4771-9254-C6F982C62A65}.Release|iPhoneSimulator.ActiveCfg = Release|Any CPU
		{8E85B8A2-1E29-4771-9254-C6F982C62A65}.Release|iPhoneSimulator.Build.0 = Release|Any CPU
		{3A28F2FE-7B5E-4197-BBDC-98CF5477F3C4}.Ad-Hoc|Any CPU.ActiveCfg = Ad-Hoc|iPhone
		{3A28F2FE-7B5E-4197-BBDC-98CF5477F3C4}.Ad-Hoc|iPhone.ActiveCfg = Ad-Hoc|iPhone
		{3A28F2FE-7B5E-4197-BBDC-98CF5477F3C4}.Ad-Hoc|iPhone.Build.0 = Ad-Hoc|iPhone
		{3A28F2FE-7B5E-4197-BBDC-98CF5477F3C4}.Ad-Hoc|iPhoneSimulator.ActiveCfg = Ad-Hoc|iPhoneSimulator
		{3A28F2FE-7B5E-4197-BBDC-98CF5477F3C4}.Ad-Hoc|iPhoneSimulator.Build.0 = Ad-Hoc|iPhoneSimulator
		{3A28F2FE-7B5E-4197-BBDC-98CF5477F3C4}.AppStore|Any CPU.ActiveCfg = AppStore|iPhone
		{3A28F2FE-7B5E-4197-BBDC-98CF5477F3C4}.AppStore|iPhone.ActiveCfg = AppStore|iPhone
		{3A28F2FE-7B5E-4197-BBDC-98CF5477F3C4}.AppStore|iPhone.Build.0 = AppStore|iPhone
		{3A28F2FE-7B5E-4197-BBDC-98CF5477F3C4}.AppStore|iPhoneSimulator.ActiveCfg = AppStore|iPhoneSimulator
		{3A28F2FE-7B5E-4197-BBDC-98CF5477F3C4}.AppStore|iPhoneSimulator.Build.0 = AppStore|iPhoneSimulator
		{3A28F2FE-7B5E-4197-BBDC-98CF5477F3C4}.Debug|Any CPU.ActiveCfg = Debug|iPhone
		{3A28F2FE-7B5E-4197-BBDC-98CF5477F3C4}.Debug|iPhone.ActiveCfg = Debug|iPhone
		{3A28F2FE-7B5E-4197-BBDC-98CF5477F3C4}.Debug|iPhone.Build.0 = Debug|iPhone
		{3A28F2FE-7B5E-4197-BBDC-98CF5477F3C4}.Debug|iPhoneSimulator.ActiveCfg = Debug|iPhoneSimulator
		{3A28F2FE-7B5E-4197-BBDC-98CF5477F3C4}.Debug|iPhoneSimulator.Build.0 = Debug|iPhoneSimulator
		{3A28F2FE-7B5E-4197-BBDC-98CF5477F3C4}.Release|Any CPU.ActiveCfg = Release|iPhone
		{3A28F2FE-7B5E-4197-BBDC-98CF5477F3C4}.Release|iPhone.ActiveCfg = Release|iPhone
		{3A28F2FE-7B5E-4197-BBDC-98CF5477F3C4}.Release|iPhone.Build.0 = Release|iPhone
		{3A28F2FE-7B5E-4197-BBDC-98CF5477F3C4}.Release|iPhoneSimulator.ActiveCfg = Release|iPhoneSimulator
		{3A28F2FE-7B5E-4197-BBDC-98CF5477F3C4}.Release|iPhoneSimulator.Build.0 = Release|iPhoneSimulator
	EndGlobalSection
	GlobalSection(SolutionProperties) = preSolution
		HideSolutionNode = FALSE
	EndGlobalSection
EndGlobal
